
Microsoft Visual Studio Solution File, Format Version 12.00
# Visual Studio Version 16
VisualStudioVersion = 16.0.31605.320
MinimumVisualStudioVersion = 10.0.40219.1
Project("{FAE04EC0-301F-11D3-BF4B-00C04F79EFBC}") = "rotativatogy", "rotativatogy\rotativatogy.csproj", "{23E8C556-2373-4541-9258-409437AEFC75}"
EndProject
Global
	GlobalSection(SolutionConfigurationPlatforms) = preSolution
		Debug|Any CPU = Debug|Any CPU
		Release|Any CPU = Release|Any CPU
	EndGlobalSection
	GlobalSection(ProjectConfigurationPlatforms) = postSolution
		{23E8C556-2373-4541-9258-409437AEFC75}.Debug|Any CPU.ActiveCfg = Debug|Any CPU
		{23E8C556-2373-4541-9258-409437AEFC75}.Debug|Any CPU.Build.0 = Debug|Any CPU
		{23E8C556-2373-4541-9258-409437AEFC75}.Release|Any CPU.ActiveCfg = Release|Any CPU
		{23E8C556-2373-4541-9258-409437AEFC75}.Release|Any CPU.Build.0 = Release|Any CPU
	EndGlobalSection
	GlobalSection(SolutionProperties) = preSolution
		HideSolutionNode = FALSE
	EndGlobalSection
	GlobalSection(ExtensibilityGlobals) = postSolution
		SolutionGuid = {50430C88-37A1-48D3-8CF5-DA9D7670E8DF}
	EndGlobalSection
EndGlobal
